
Microsoft Visual Studio Solution File, Format Version 12.00
# Visual Studio Version 16
VisualStudioVersion = 16.0.30611.23
MinimumVisualStudioVersion = 10.0.40219.1
Project("{FAE04EC0-301F-11D3-BF4B-00C04F79EFBC}") = "Carea", "Carea\Carea.csproj", "{953A87D2-0193-40C1-BDB1-E63BEAB3F650}"
EndProject
Global
	GlobalSection(SolutionConfigurationPlatforms) = preSolution
		Debug|Any CPU = Debug|Any CPU
		Release|Any CPU = Release|Any CPU
	EndGlobalSection
	GlobalSection(ProjectConfigurationPlatforms) = postSolution
		{953A87D2-0193-40C1-BDB1-E63BEAB3F650}.Debug|Any CPU.ActiveCfg = Debug|Any CPU
		{953A87D2-0193-40C1-BDB1-E63BEAB3F650}.Debug|Any CPU.Build.0 = Debug|Any CPU
		{953A87D2-0193-40C1-BDB1-E63BEAB3F650}.Release|Any CPU.ActiveCfg = Release|Any CPU
		{953A87D2-0193-40C1-BDB1-E63BEAB3F650}.Release|Any CPU.Build.0 = Release|Any CPU
	EndGlobalSection
	GlobalSection(SolutionProperties) = preSolution
		HideSolutionNode = FALSE
	EndGlobalSection
	GlobalSection(ExtensibilityGlobals) = postSolution
		SolutionGuid = {7E101DEE-D34C-4DB5-8E2F-BCD47E205721}
	EndGlobalSection
EndGlobal
